
Microsoft Visual Studio Solution File, Format Version 12.00
# Visual Studio Version 17
VisualStudioVersion = 17.8.34525.116
MinimumVisualStudioVersion = 10.0.40219.1
Project("{FAE04EC0-301F-11D3-BF4B-00C04F79EFBC}") = "Project_DB", "Project_DB\Project_DB.csproj", "{768F35CB-C853-43FC-B650-991C00030307}"
EndProject
Global
	GlobalSection(SolutionConfigurationPlatforms) = preSolution
		Debug|Any CPU = Debug|Any CPU
		Release|Any CPU = Release|Any CPU
	EndGlobalSection
	GlobalSection(ProjectConfigurationPlatforms) = postSolution
		{768F35CB-C853-43FC-B650-991C00030307}.Debug|Any CPU.ActiveCfg = Debug|Any CPU
		{768F35CB-C853-43FC-B650-991C00030307}.Debug|Any CPU.Build.0 = Debug|Any CPU
		{768F35CB-C853-43FC-B650-991C00030307}.Release|Any CPU.ActiveCfg = Release|Any CPU
		{768F35CB-C853-43FC-B650-991C00030307}.Release|Any CPU.Build.0 = Release|Any CPU
	EndGlobalSection
	GlobalSection(SolutionProperties) = preSolution
		HideSolutionNode = FALSE
	EndGlobalSection
	GlobalSection(ExtensibilityGlobals) = postSolution
		SolutionGuid = {77EBF91E-BC1A-476B-878D-0D94631288E6}
	EndGlobalSection
EndGlobal
